// !$*UTF8*$!
{
	archiveVersion = 1;
	classes = {
	};
	objectVersion = 48;
	objects = {

/* Begin PBXBuildFile section */
		B9C5D042D5779C4C057DC401 /* Pods_FoodTaskerMobile.framework in Frameworks */ = {isa = PBXBuildFile; fileRef = D517C721EB337EC1B76E5F9C /* Pods_FoodTaskerMobile.framework */; };
		EC11EC3421D0A6B400772E66 /* PaymentViewController.swift in Sources */ = {isa = PBXBuildFile; fileRef = EC11EC3321D0A6B400772E66 /* PaymentViewController.swift */; };
		EC11EC3621D997DD00772E66 /* OrderViewController.swift in Sources */ = {isa = PBXBuildFile; fileRef = EC11EC3521D997DD00772E66 /* OrderViewController.swift */; };
		ECF89FC921CB64FF00F45BD8 /* AppDelegate.swift in Sources */ = {isa = PBXBuildFile; fileRef = ECF89FC821CB64FF00F45BD8 /* AppDelegate.swift */; };
		ECF89FCB21CB64FF00F45BD8 /* ViewController.swift in Sources */ = {isa = PBXBuildFile; fileRef = ECF89FCA21CB64FF00F45BD8 /* ViewController.swift */; };
		ECF89FCE21CB64FF00F45BD8 /* Main.storyboard in Resources */ = {isa = PBXBuildFile; fileRef = ECF89FCC21CB64FF00F45BD8 /* Main.storyboard */; };
		ECF89FD021CB64FF00F45BD8 /* Assets.xcassets in Resources */ = {isa = PBXBuildFile; fileRef = ECF89FCF21CB64FF00F45BD8 /* Assets.xcassets */; };
		ECF89FD321CB64FF00F45BD8 /* LaunchScreen.storyboard in Resources */ = {isa = PBXBuildFile; fileRef = ECF89FD121CB64FF00F45BD8 /* LaunchScreen.storyboard */; };
		ECF89FDD21CCBEB500F45BD8 /* SWRevealViewController.m in Sources */ = {isa = PBXBuildFile; fileRef = ECF89FDC21CCBEB500F45BD8 /* SWRevealViewController.m */; };
		ECF89FE021CDF6D400F45BD8 /* RestaurantViewController.swift in Sources */ = {isa = PBXBuildFile; fileRef = ECF89FDF21CDF6D400F45BD8 /* RestaurantViewController.swift */; };
		ECF89FE221CDFADD00F45BD8 /* CustomerMenuTableViewController.swift in Sources */ = {isa = PBXBuildFile; fileRef = ECF89FE121CDFADD00F45BD8 /* CustomerMenuTableViewController.swift */; };
		ECF89FE421CE009400F45BD8 /* MealListTableViewController.swift in Sources */ = {isa = PBXBuildFile; fileRef = ECF89FE321CE009400F45BD8 /* MealListTableViewController.swift */; };
		ECF89FE621CE08F800F45BD8 /* MealDetailsViewController.swift in Sources */ = {isa = PBXBuildFile; fileRef = ECF89FE521CE08F800F45BD8 /* MealDetailsViewController.swift */; };
		ECF89FE821CF35CD00F45BD8 /* TrayViewController.swift in Sources */ = {isa = PBXBuildFile; fileRef = ECF89FE721CF35CD00F45BD8 /* TrayViewController.swift */; };
		ECF89FEB21CF36F500F45BD8 /* MapKit.framework in Frameworks */ = {isa = PBXBuildFile; fileRef = ECF89FEA21CF36F500F45BD8 /* MapKit.framework */; };
/* End PBXBuildFile section */

/* Begin PBXFileReference section */
		2DEA6B23551E8B1248DCABA6 /* Pods-FoodTaskerMobile.debug.xcconfig */ = {isa = PBXFileReference; includeInIndex = 1; lastKnownFileType = text.xcconfig; name = "Pods-FoodTaskerMobile.debug.xcconfig"; path = "Pods/Target Support Files/Pods-FoodTaskerMobile/Pods-FoodTaskerMobile.debug.xcconfig"; sourceTree = "<group>"; };
		5DCFE1A8BF357157D46BB2E7 /* Pods-FoodTaskerMobile.release.xcconfig */ = {isa = PBXFileReference; includeInIndex = 1; lastKnownFileType = text.xcconfig; name = "Pods-FoodTaskerMobile.release.xcconfig"; path = "Pods/Target Support Files/Pods-FoodTaskerMobile/Pods-FoodTaskerMobile.release.xcconfig"; sourceTree = "<group>"; };
		D517C721EB337EC1B76E5F9C /* Pods_FoodTaskerMobile.framework */ = {isa = PBXFileReference; explicitFileType = wrapper.framework; includeInIndex = 0; path = Pods_FoodTaskerMobile.framework; sourceTree = BUILT_PRODUCTS_DIR; };
		EC11EC3321D0A6B400772E66 /* PaymentViewController.swift */ = {isa = PBXFileReference; lastKnownFileType = sourcecode.swift; path = PaymentViewController.swift; sourceTree = "<group>"; };
		EC11EC3521D997DD00772E66 /* OrderViewController.swift */ = {isa = PBXFileReference; lastKnownFileType = sourcecode.swift; path = OrderViewController.swift; sourceTree = "<group>"; };
		EC11EC3721D9A23500772E66 /* FoodTaskerMobile.entitlements */ = {isa = PBXFileReference; lastKnownFileType = text.plist.entitlements; path = FoodTaskerMobile.entitlements; sourceTree = "<group>"; };
		ECF89FC521CB64FF00F45BD8 /* FoodTaskerMobile.app */ = {isa = PBXFileReference; explicitFileType = wrapper.application; includeInIndex = 0; path = FoodTaskerMobile.app; sourceTree = BUILT_PRODUCTS_DIR; };
		ECF89FC821CB64FF00F45BD8 /* AppDelegate.swift */ = {isa = PBXFileReference; lastKnownFileType = sourcecode.swift; path = AppDelegate.swift; sourceTree = "<group>"; };
		ECF89FCA21CB64FF00F45BD8 /* ViewController.swift */ = {isa = PBXFileReference; lastKnownFileType = sourcecode.swift; path = ViewController.swift; sourceTree = "<group>"; };
		ECF89FCD21CB64FF00F45BD8 /* Base */ = {isa = PBXFileReference; lastKnownFileType = file.storyboard; name = Base; path = Base.lproj/Main.storyboard; sourceTree = "<group>"; };
		ECF89FCF21CB64FF00F45BD8 /* Assets.xcassets */ = {isa = PBXFileReference; lastKnownFileType = folder.assetcatalog; path = Assets.xcassets; sourceTree = "<group>"; };
		ECF89FD221CB64FF00F45BD8 /* Base */ = {isa = PBXFileReference; lastKnownFileType = file.storyboard; name = Base; path = Base.lproj/LaunchScreen.storyboard; sourceTree = "<group>"; };
		ECF89FD421CB64FF00F45BD8 /* Info.plist */ = {isa = PBXFileReference; lastKnownFileType = text.plist.xml; path = Info.plist; sourceTree = "<group>"; };
		ECF89FDA21CCBEB400F45BD8 /* FoodTaskerMobile-Bridging-Header.h */ = {isa = PBXFileReference; lastKnownFileType = sourcecode.c.h; name = "FoodTaskerMobile-Bridging-Header.h"; path = "/Users/asifontes/foodtasker_ios/FoodTaskerMobile/FoodTaskerMobile/FoodTaskerMobile-Bridging-Header.h"; sourceTree = "<absolute>"; };
		ECF89FDB21CCBEB500F45BD8 /* SWRevealViewController.h */ = {isa = PBXFileReference; fileEncoding = 4; lastKnownFileType = sourcecode.c.h; path = SWRevealViewController.h; sourceTree = "<group>"; };
		ECF89FDC21CCBEB500F45BD8 /* SWRevealViewController.m */ = {isa = PBXFileReference; fileEncoding = 4; lastKnownFileType = sourcecode.c.objc; path = SWRevealViewController.m; sourceTree = "<group>"; };
		ECF89FDF21CDF6D400F45BD8 /* RestaurantViewController.swift */ = {isa = PBXFileReference; lastKnownFileType = sourcecode.swift; path = RestaurantViewController.swift; sourceTree = "<group>"; };
		ECF89FE121CDFADD00F45BD8 /* CustomerMenuTableViewController.swift */ = {isa = PBXFileReference; lastKnownFileType = sourcecode.swift; path = CustomerMenuTableViewController.swift; sourceTree = "<group>"; };
		ECF89FE321CE009400F45BD8 /* MealListTableViewController.swift */ = {isa = PBXFileReference; lastKnownFileType = sourcecode.swift; path = MealListTableViewController.swift; sourceTree = "<group>"; };
		ECF89FE521CE08F800F45BD8 /* MealDetailsViewController.swift */ = {isa = PBXFileReference; lastKnownFileType = sourcecode.swift; path = MealDetailsViewController.swift; sourceTree = "<group>"; };
		ECF89FE721CF35CD00F45BD8 /* TrayViewController.swift */ = {isa = PBXFileReference; lastKnownFileType = sourcecode.swift; path = TrayViewController.swift; sourceTree = "<group>"; };
		ECF89FEA21CF36F500F45BD8 /* MapKit.framework */ = {isa = PBXFileReference; lastKnownFileType = wrapper.framework; name = MapKit.framework; path = System/Library/Frameworks/MapKit.framework; sourceTree = SDKROOT; };
/* End PBXFileReference section */

/* Begin PBXFrameworksBuildPhase section */
		ECF89FC221CB64FF00F45BD8 /* Frameworks */ = {
			isa = PBXFrameworksBuildPhase;
			buildActionMask = 2147483647;
			files = (
				ECF89FEB21CF36F500F45BD8 /* MapKit.framework in Frameworks */,
				B9C5D042D5779C4C057DC401 /* Pods_FoodTaskerMobile.framework in Frameworks */,
			);
			runOnlyForDeploymentPostprocessing = 0;
		};
/* End PBXFrameworksBuildPhase section */

/* Begin PBXGroup section */
		E59F7029DAE7B83E2F9F2474 /* Pods */ = {
			isa = PBXGroup;
			children = (
				2DEA6B23551E8B1248DCABA6 /* Pods-FoodTaskerMobile.debug.xcconfig */,
				5DCFE1A8BF357157D46BB2E7 /* Pods-FoodTaskerMobile.release.xcconfig */,
			);
			name = Pods;
			sourceTree = "<group>";
		};
		ECF89FBC21CB64FF00F45BD8 = {
			isa = PBXGroup;
			children = (
				ECF89FC721CB64FF00F45BD8 /* FoodTaskerMobile */,
				ECF89FC621CB64FF00F45BD8 /* Products */,
				ECF89FE921CF36F500F45BD8 /* Frameworks */,
				E59F7029DAE7B83E2F9F2474 /* Pods */,
			);
			sourceTree = "<group>";
		};
		ECF89FC621CB64FF00F45BD8 /* Products */ = {
			isa = PBXGroup;
			children = (
				ECF89FC521CB64FF00F45BD8 /* FoodTaskerMobile.app */,
			);
			name = Products;
			sourceTree = "<group>";
		};
		ECF89FC721CB64FF00F45BD8 /* FoodTaskerMobile */ = {
			isa = PBXGroup;
			children = (
				EC11EC3721D9A23500772E66 /* FoodTaskerMobile.entitlements */,
				ECF89FDE21CCBED500F45BD8 /* Lib */,
				ECF89FC821CB64FF00F45BD8 /* AppDelegate.swift */,
				ECF89FCA21CB64FF00F45BD8 /* ViewController.swift */,
				ECF89FCC21CB64FF00F45BD8 /* Main.storyboard */,
				ECF89FCF21CB64FF00F45BD8 /* Assets.xcassets */,
				ECF89FD121CB64FF00F45BD8 /* LaunchScreen.storyboard */,
				ECF89FD421CB64FF00F45BD8 /* Info.plist */,
				ECF89FDB21CCBEB500F45BD8 /* SWRevealViewController.h */,
				ECF89FDC21CCBEB500F45BD8 /* SWRevealViewController.m */,
				ECF89FDA21CCBEB400F45BD8 /* FoodTaskerMobile-Bridging-Header.h */,
				ECF89FDF21CDF6D400F45BD8 /* RestaurantViewController.swift */,
				ECF89FE121CDFADD00F45BD8 /* CustomerMenuTableViewController.swift */,
				ECF89FE321CE009400F45BD8 /* MealListTableViewController.swift */,
				ECF89FE521CE08F800F45BD8 /* MealDetailsViewController.swift */,
				ECF89FE721CF35CD00F45BD8 /* TrayViewController.swift */,
				EC11EC3321D0A6B400772E66 /* PaymentViewController.swift */,
				EC11EC3521D997DD00772E66 /* OrderViewController.swift */,
			);
			path = FoodTaskerMobile;
			sourceTree = "<group>";
		};
		ECF89FDE21CCBED500F45BD8 /* Lib */ = {
			isa = PBXGroup;
			children = (
			);
			path = Lib;
			sourceTree = "<group>";
		};
		ECF89FE921CF36F500F45BD8 /* Frameworks */ = {
			isa = PBXGroup;
			children = (
				ECF89FEA21CF36F500F45BD8 /* MapKit.framework */,
				D517C721EB337EC1B76E5F9C /* Pods_FoodTaskerMobile.framework */,
			);
			name = Frameworks;
			sourceTree = "<group>";
		};
/* End PBXGroup section */

/* Begin PBXNativeTarget section */
		ECF89FC421CB64FF00F45BD8 /* FoodTaskerMobile */ = {
			isa = PBXNativeTarget;
			buildConfigurationList = ECF89FD721CB64FF00F45BD8 /* Build configuration list for PBXNativeTarget "FoodTaskerMobile" */;
			buildPhases = (
				1B7B79DF15DFE90D5C66A3C8 /* [CP] Check Pods Manifest.lock */,
				ECF89FC121CB64FF00F45BD8 /* Sources */,
				ECF89FC221CB64FF00F45BD8 /* Frameworks */,
				ECF89FC321CB64FF00F45BD8 /* Resources */,
				2C3EE9A7B2ECCDDD04015178 /* [CP] Embed Pods Frameworks */,
			);
			buildRules = (
			);
			dependencies = (
			);
			name = FoodTaskerMobile;
			productName = FoodTaskerMobile;
			productReference = ECF89FC521CB64FF00F45BD8 /* FoodTaskerMobile.app */;
			productType = "com.apple.product-type.application";
		};
/* End PBXNativeTarget section */

/* Begin PBXProject section */
		ECF89FBD21CB64FF00F45BD8 /* Project object */ = {
			isa = PBXProject;
			attributes = {
				LastSwiftUpdateCheck = 0920;
				LastUpgradeCheck = 0920;
				ORGANIZATIONNAME = "anthony sifontes";
				TargetAttributes = {
					ECF89FC421CB64FF00F45BD8 = {
						CreatedOnToolsVersion = 9.2;
						LastSwiftMigration = 0920;
						ProvisioningStyle = Automatic;
						SystemCapabilities = {
							com.apple.Keychain = {
								enabled = 1;
							};
						};
					};
				};
			};
			buildConfigurationList = ECF89FC021CB64FF00F45BD8 /* Build configuration list for PBXProject "FoodTaskerMobile" */;
			compatibilityVersion = "Xcode 8.0";
			developmentRegion = en;
			hasScannedForEncodings = 0;
			knownRegions = (
				en,
				Base,
			);
			mainGroup = ECF89FBC21CB64FF00F45BD8;
			productRefGroup = ECF89FC621CB64FF00F45BD8 /* Products */;
			projectDirPath = "";
			projectRoot = "";
			targets = (
				ECF89FC421CB64FF00F45BD8 /* FoodTaskerMobile */,
			);
		};
/* End PBXProject section */

/* Begin PBXResourcesBuildPhase section */
		ECF89FC321CB64FF00F45BD8 /* Resources */ = {
			isa = PBXResourcesBuildPhase;
			buildActionMask = 2147483647;
			files = (
				ECF89FD321CB64FF00F45BD8 /* LaunchScreen.storyboard in Resources */,
				ECF89FD021CB64FF00F45BD8 /* Assets.xcassets in Resources */,
				ECF89FCE21CB64FF00F45BD8 /* Main.storyboard in Resources */,
			);
			runOnlyForDeploymentPostprocessing = 0;
		};
/* End PBXResourcesBuildPhase section */

/* Begin PBXShellScriptBuildPhase section */
		1B7B79DF15DFE90D5C66A3C8 /* [CP] Check Pods Manifest.lock */ = {
			isa = PBXShellScriptBuildPhase;
			buildActionMask = 2147483647;
			files = (
			);
			inputPaths = (
				"${PODS_PODFILE_DIR_PATH}/Podfile.lock",
				"${PODS_ROOT}/Manifest.lock",
			);
			name = "[CP] Check Pods Manifest.lock";
			outputPaths = (
				"$(DERIVED_FILE_DIR)/Pods-FoodTaskerMobile-checkManifestLockResult.txt",
			);
			runOnlyForDeploymentPostprocessing = 0;
			shellPath = /bin/sh;
			shellScript = "diff \"${PODS_PODFILE_DIR_PATH}/Podfile.lock\" \"${PODS_ROOT}/Manifest.lock\" > /dev/null\nif [ $? != 0 ] ; then\n    # print error to STDERR\n    echo \"error: The sandbox is not in sync with the Podfile.lock. Run 'pod install' or update your CocoaPods installation.\" >&2\n    exit 1\nfi\n# This output is used by Xcode 'outputs' to avoid re-running this script phase.\necho \"SUCCESS\" > \"${SCRIPT_OUTPUT_FILE_0}\"\n";
			showEnvVarsInLog = 0;
		};
		2C3EE9A7B2ECCDDD04015178 /* [CP] Embed Pods Frameworks */ = {
			isa = PBXShellScriptBuildPhase;
			buildActionMask = 2147483647;
			files = (
			);
			inputPaths = (
				"${SRCROOT}/Pods/Target Support Files/Pods-FoodTaskerMobile/Pods-FoodTaskerMobile-frameworks.sh",
				"${BUILT_PRODUCTS_DIR}/Alamofire/Alamofire.framework",
				"${BUILT_PRODUCTS_DIR}/Bolts/Bolts.framework",
				"${BUILT_PRODUCTS_DIR}/FBSDKCoreKit/FBSDKCoreKit.framework",
				"${BUILT_PRODUCTS_DIR}/FBSDKLoginKit/FBSDKLoginKit.framework",
				"${BUILT_PRODUCTS_DIR}/FBSDKShareKit/FBSDKShareKit.framework",
				"${BUILT_PRODUCTS_DIR}/Stripe/Stripe.framework",
				"${BUILT_PRODUCTS_DIR}/SwiftyJSON/SwiftyJSON.framework",
			);
			name = "[CP] Embed Pods Frameworks";
			outputPaths = (
				"${TARGET_BUILD_DIR}/${FRAMEWORKS_FOLDER_PATH}/Alamofire.framework",
				"${TARGET_BUILD_DIR}/${FRAMEWORKS_FOLDER_PATH}/Bolts.framework",
				"${TARGET_BUILD_DIR}/${FRAMEWORKS_FOLDER_PATH}/FBSDKCoreKit.framework",
				"${TARGET_BUILD_DIR}/${FRAMEWORKS_FOLDER_PATH}/FBSDKLoginKit.framework",
				"${TARGET_BUILD_DIR}/${FRAMEWORKS_FOLDER_PATH}/FBSDKShareKit.framework",
				"${TARGET_BUILD_DIR}/${FRAMEWORKS_FOLDER_PATH}/Stripe.framework",
				"${TARGET_BUILD_DIR}/${FRAMEWORKS_FOLDER_PATH}/SwiftyJSON.framework",
			);
			runOnlyForDeploymentPostprocessing = 0;
			shellPath = /bin/sh;
			shellScript = "\"${SRCROOT}/Pods/Target Support Files/Pods-FoodTaskerMobile/Pods-FoodTaskerMobile-frameworks.sh\"\n";
			showEnvVarsInLog = 0;
		};
/* End PBXShellScriptBuildPhase section */

/* Begin PBXSourcesBuildPhase section */
		ECF89FC121CB64FF00F45BD8 /* Sources */ = {
			isa = PBXSourcesBuildPhase;
			buildActionMask = 2147483647;
			files = (
				ECF89FCB21CB64FF00F45BD8 /* ViewController.swift in Sources */,
				EC11EC3621D997DD00772E66 /* OrderViewController.swift in Sources */,
				ECF89FE621CE08F800F45BD8 /* MealDetailsViewController.swift in Sources */,
				ECF89FE821CF35CD00F45BD8 /* TrayViewController.swift in Sources */,
				ECF89FE021CDF6D400F45BD8 /* RestaurantViewController.swift in Sources */,
				ECF89FE421CE009400F45BD8 /* MealListTableViewController.swift in Sources */,
				ECF89FC921CB64FF00F45BD8 /* AppDelegate.swift in Sources */,
				ECF89FE221CDFADD00F45BD8 /* CustomerMenuTableViewController.swift in Sources */,
				EC11EC3421D0A6B400772E66 /* PaymentViewController.swift in Sources */,
				ECF89FDD21CCBEB500F45BD8 /* SWRevealViewController.m in Sources */,
			);
			runOnlyForDeploymentPostprocessing = 0;
		};
/* End PBXSourcesBuildPhase section */

/* Begin PBXVariantGroup section */
		ECF89FCC21CB64FF00F45BD8 /* Main.storyboard */ = {
			isa = PBXVariantGroup;
			children = (
				ECF89FCD21CB64FF00F45BD8 /* Base */,
			);
			name = Main.storyboard;
			sourceTree = "<group>";
		};
		ECF89FD121CB64FF00F45BD8 /* LaunchScreen.storyboard */ = {
			isa = PBXVariantGroup;
			children = (
				ECF89FD221CB64FF00F45BD8 /* Base */,
			);
			name = LaunchScreen.storyboard;
			sourceTree = "<group>";
		};
/* End PBXVariantGroup section */

/* Begin XCBuildConfiguration section */
		ECF89FD521CB64FF00F45BD8 /* Debug */ = {
			isa = XCBuildConfiguration;
			buildSettings = {
				ALWAYS_SEARCH_USER_PATHS = NO;
				CLANG_ANALYZER_NONNULL = YES;
				CLANG_ANALYZER_NUMBER_OBJECT_CONVERSION = YES_AGGRESSIVE;
				CLANG_CXX_LANGUAGE_STANDARD = "gnu++14";
				CLANG_CXX_LIBRARY = "libc++";
				CLANG_ENABLE_MODULES = YES;
				CLANG_ENABLE_OBJC_ARC = YES;
				CLANG_WARN_BLOCK_CAPTURE_AUTORELEASING = YES;
				CLANG_WARN_BOOL_CONVERSION = YES;
				CLANG_WARN_COMMA = YES;
				CLANG_WARN_CONSTANT_CONVERSION = YES;
				CLANG_WARN_DIRECT_OBJC_ISA_USAGE = YES_ERROR;
				CLANG_WARN_DOCUMENTATION_COMMENTS = YES;
				CLANG_WARN_EMPTY_BODY = YES;
				CLANG_WARN_ENUM_CONVERSION = YES;
				CLANG_WARN_INFINITE_RECURSION = YES;
				CLANG_WARN_INT_CONVERSION = YES;
				CLANG_WARN_NON_LITERAL_NULL_CONVERSION = YES;
				CLANG_WARN_OBJC_LITERAL_CONVERSION = YES;
				CLANG_WARN_OBJC_ROOT_CLASS = YES_ERROR;
				CLANG_WARN_RANGE_LOOP_ANALYSIS = YES;
				CLANG_WARN_STRICT_PROTOTYPES = YES;
				CLANG_WARN_SUSPICIOUS_MOVE = YES;
				CLANG_WARN_UNGUARDED_AVAILABILITY = YES_AGGRESSIVE;
				CLANG_WARN_UNREACHABLE_CODE = YES;
				CLANG_WARN__DUPLICATE_METHOD_MATCH = YES;
				CODE_SIGN_IDENTITY = "iPhone Developer";
				COPY_PHASE_STRIP = NO;
				DEBUG_INFORMATION_FORMAT = dwarf;
				ENABLE_STRICT_OBJC_MSGSEND = YES;
				ENABLE_TESTABILITY = YES;
				GCC_C_LANGUAGE_STANDARD = gnu11;
				GCC_DYNAMIC_NO_PIC = NO;
				GCC_NO_COMMON_BLOCKS = YES;
				GCC_OPTIMIZATION_LEVEL = 0;
				GCC_PREPROCESSOR_DEFINITIONS = (
					"DEBUG=1",
					"$(inherited)",
				);
				GCC_WARN_64_TO_32_BIT_CONVERSION = YES;
				GCC_WARN_ABOUT_RETURN_TYPE = YES_ERROR;
				GCC_WARN_UNDECLARED_SELECTOR = YES;
				GCC_WARN_UNINITIALIZED_AUTOS = YES_AGGRESSIVE;
				GCC_WARN_UNUSED_FUNCTION = YES;
				GCC_WARN_UNUSED_VARIABLE = YES;
				IPHONEOS_DEPLOYMENT_TARGET = 11.2;
				MTL_ENABLE_DEBUG_INFO = YES;
				ONLY_ACTIVE_ARCH = YES;
				SDKROOT = iphoneos;
				SWIFT_ACTIVE_COMPILATION_CONDITIONS = DEBUG;
				SWIFT_OPTIMIZATION_LEVEL = "-Onone";
			};
			name = Debug;
		};
		ECF89FD621CB64FF00F45BD8 /* Release */ = {
			isa = XCBuildConfiguration;
			buildSettings = {
				ALWAYS_SEARCH_USER_PATHS = NO;
				CLANG_ANALYZER_NONNULL = YES;
				CLANG_ANALYZER_NUMBER_OBJECT_CONVERSION = YES_AGGRESSIVE;
				CLANG_CXX_LANGUAGE_STANDARD = "gnu++14";
				CLANG_CXX_LIBRARY = "libc++";
				CLANG_ENABLE_MODULES = YES;
				CLANG_ENABLE_OBJC_ARC = YES;
				CLANG_WARN_BLOCK_CAPTURE_AUTORELEASING = YES;
				CLANG_WARN_BOOL_CONVERSION = YES;
				CLANG_WARN_COMMA = YES;
				CLANG_WARN_CONSTANT_CONVERSION = YES;
				CLANG_WARN_DIRECT_OBJC_ISA_USAGE = YES_ERROR;
				CLANG_WARN_DOCUMENTATION_COMMENTS = YES;
				CLANG_WARN_EMPTY_BODY = YES;
				CLANG_WARN_ENUM_CONVERSION = YES;
				CLANG_WARN_INFINITE_RECURSION = YES;
				CLANG_WARN_INT_CONVERSION = YES;
				CLANG_WARN_NON_LITERAL_NULL_CONVERSION = YES;
				CLANG_WARN_OBJC_LITERAL_CONVERSION = YES;
				CLANG_WARN_OBJC_ROOT_CLASS = YES_ERROR;
				CLANG_WARN_RANGE_LOOP_ANALYSIS = YES;
				CLANG_WARN_STRICT_PROTOTYPES = YES;
				CLANG_WARN_SUSPICIOUS_MOVE = YES;
				CLANG_WARN_UNGUARDED_AVAILABILITY = YES_AGGRESSIVE;
				CLANG_WARN_UNREACHABLE_CODE = YES;
				CLANG_WARN__DUPLICATE_METHOD_MATCH = YES;
				CODE_SIGN_IDENTITY = "iPhone Developer";
				COPY_PHASE_STRIP = NO;
				DEBUG_INFORMATION_FORMAT = "dwarf-with-dsym";
				ENABLE_NS_ASSERTIONS = NO;
				ENABLE_STRICT_OBJC_MSGSEND = YES;
				GCC_C_LANGUAGE_STANDARD = gnu11;
				GCC_NO_COMMON_BLOCKS = YES;
				GCC_WARN_64_TO_32_BIT_CONVERSION = YES;
				GCC_WARN_ABOUT_RETURN_TYPE = YES_ERROR;
				GCC_WARN_UNDECLARED_SELECTOR = YES;
				GCC_WARN_UNINITIALIZED_AUTOS = YES_AGGRESSIVE;
				GCC_WARN_UNUSED_FUNCTION = YES;
				GCC_WARN_UNUSED_VARIABLE = YES;
				IPHONEOS_DEPLOYMENT_TARGET = 11.2;
				MTL_ENABLE_DEBUG_INFO = NO;
				SDKROOT = iphoneos;
				SWIFT_OPTIMIZATION_LEVEL = "-Owholemodule";
				VALIDATE_PRODUCT = YES;
			};
			name = Release;
		};
		ECF89FD821CB64FF00F45BD8 /* Debug */ = {
			isa = XCBuildConfiguration;
			baseConfigurationReference = 2DEA6B23551E8B1248DCABA6 /* Pods-FoodTaskerMobile.debug.xcconfig */;
			buildSettings = {
				ASSETCATALOG_COMPILER_APPICON_NAME = AppIcon;
				CLANG_ENABLE_MODULES = YES;
				CODE_SIGN_ENTITLEMENTS = FoodTaskerMobile/FoodTaskerMobile.entitlements;
				CODE_SIGN_STYLE = Automatic;
				DEVELOPMENT_TEAM = SNZR45L23U;
				INFOPLIST_FILE = FoodTaskerMobile/Info.plist;
				LD_RUNPATH_SEARCH_PATHS = "$(inherited) @executable_path/Frameworks";
				PRODUCT_BUNDLE_IDENTIFIER = "Sylver-Group.FoodTaskerMobile";
				PRODUCT_NAME = "$(TARGET_NAME)";
				SWIFT_OBJC_BRIDGING_HEADER = "FoodTaskerMobile/FoodTaskerMobile-Bridging-Header.h";
				SWIFT_OPTIMIZATION_LEVEL = "-Onone";
				SWIFT_VERSION = 4.0;
				TARGETED_DEVICE_FAMILY = "1,2";
			};
			name = Debug;
		};
		ECF89FD921CB64FF00F45BD8 /* Release */ = {
			isa = XCBuildConfiguration;
			baseConfigurationReference = 5DCFE1A8BF357157D46BB2E7 /* Pods-FoodTaskerMobile.release.xcconfig */;
			buildSettings = {
				ASSETCATALOG_COMPILER_APPICON_NAME = AppIcon;
				CLANG_ENABLE_MODULES = YES;
				CODE_SIGN_ENTITLEMENTS = FoodTaskerMobile/FoodTaskerMobile.entitlements;
				CODE_SIGN_STYLE = Automatic;
				DEVELOPMENT_TEAM = SNZR45L23U;
				INFOPLIST_FILE = FoodTaskerMobile/Info.plist;
				LD_RUNPATH_SEARCH_PATHS = "$(inherited) @executable_path/Frameworks";
				PRODUCT_BUNDLE_IDENTIFIER = "Sylver-Group.FoodTaskerMobile";
				PRODUCT_NAME = "$(TARGET_NAME)";
				SWIFT_OBJC_BRIDGING_HEADER = "FoodTaskerMobile/FoodTaskerMobile-Bridging-Header.h";
				SWIFT_VERSION = 4.0;
				TARGETED_DEVICE_FAMILY = "1,2";
			};
			name = Release;
		};
/* End XCBuildConfiguration section */

/* Begin XCConfigurationList section */
		ECF89FC021CB64FF00F45BD8 /* Build configuration list for PBXProject "FoodTaskerMobile" */ = {
			isa = XCConfigurationList;
			buildConfigurations = (
				ECF89FD521CB64FF00F45BD8 /* Debug */,
				ECF89FD621CB64FF00F45BD8 /* Release */,
			);
			defaultConfigurationIsVisible = 0;
			defaultConfigurationName = Release;
		};
		ECF89FD721CB64FF00F45BD8 /* Build configuration list for PBXNativeTarget "FoodTaskerMobile" */ = {
			isa = XCConfigurationList;
			buildConfigurations = (
				ECF89FD821CB64FF00F45BD8 /* Debug */,
				ECF89FD921CB64FF00F45BD8 /* Release */,
			);
			defaultConfigurationIsVisible = 0;
			defaultConfigurationName = Release;
		};
/* End XCConfigurationList section */
	};
	rootObject = ECF89FBD21CB64FF00F45BD8 /* Project object */;
}
